
Microsoft Visual Studio Solution File, Format Version 12.00
# Visual Studio Version 16
VisualStudioVersion = 16.0.31112.23
MinimumVisualStudioVersion = 10.0.40219.1
Project("{FAE04EC0-301F-11D3-BF4B-00C04F79EFBC}") = "WPFTestProject", "WPFTestProject\WPFTestProject.csproj", "{F2E5A2F8-FEAD-4233-84A8-66514F07478F}"
EndProject
Global
	GlobalSection(SolutionConfigurationPlatforms) = preSolution
		Debug|Any CPU = Debug|Any CPU
		Release|Any CPU = Release|Any CPU
	EndGlobalSection
	GlobalSection(ProjectConfigurationPlatforms) = postSolution
		{F2E5A2F8-FEAD-4233-84A8-66514F07478F}.Debug|Any CPU.ActiveCfg = Debug|Any CPU
		{F2E5A2F8-FEAD-4233-84A8-66514F07478F}.Debug|Any CPU.Build.0 = Debug|Any CPU
		{F2E5A2F8-FEAD-4233-84A8-66514F07478F}.Release|Any CPU.ActiveCfg = Release|Any CPU
		{F2E5A2F8-FEAD-4233-84A8-66514F07478F}.Release|Any CPU.Build.0 = Release|Any CPU
	EndGlobalSection
	GlobalSection(SolutionProperties) = preSolution
		HideSolutionNode = FALSE
	EndGlobalSection
	GlobalSection(ExtensibilityGlobals) = postSolution
		SolutionGuid = {34DF303A-181A-4EB5-92F8-A87C9973AF20}
	EndGlobalSection
EndGlobal
